
Microsoft Visual Studio Solution File, Format Version 12.00
# Visual Studio Version 16
VisualStudioVersion = 16.0.29215.179
MinimumVisualStudioVersion = 10.0.40219.1
Project("{FAE04EC0-301F-11D3-BF4B-00C04F79EFBC}") = "Chapter05Program02", "Chapter05Program02.csproj", "{675B9BC6-7CB5-48FD-A696-CE4EA0AFAB56}"
EndProject
Global
	GlobalSection(SolutionConfigurationPlatforms) = preSolution
		Debug|Any CPU = Debug|Any CPU
		Release|Any CPU = Release|Any CPU
	EndGlobalSection
	GlobalSection(ProjectConfigurationPlatforms) = postSolution
		{675B9BC6-7CB5-48FD-A696-CE4EA0AFAB56}.Debug|Any CPU.ActiveCfg = Debug|Any CPU
		{675B9BC6-7CB5-48FD-A696-CE4EA0AFAB56}.Debug|Any CPU.Build.0 = Debug|Any CPU
		{675B9BC6-7CB5-48FD-A696-CE4EA0AFAB56}.Release|Any CPU.ActiveCfg = Release|Any CPU
		{675B9BC6-7CB5-48FD-A696-CE4EA0AFAB56}.Release|Any CPU.Build.0 = Release|Any CPU
	EndGlobalSection
	GlobalSection(SolutionProperties) = preSolution
		HideSolutionNode = FALSE
	EndGlobalSection
	GlobalSection(ExtensibilityGlobals) = postSolution
		SolutionGuid = {493ABC61-915E-412C-B47F-ACA0FD91CD74}
	EndGlobalSection
EndGlobal
